<?xml version="1.0" encoding="utf-8"?>
<Project ToolsVersion="4.0" xmlns="http://schemas.microsoft.com/developer/msbuild/2003">
  <ItemGroup>
    <Filter Include="Source Files">
      <UniqueIdentifier>{48f33ca5-105a-4506-8115-8a4ab5699d97}</UniqueIdentifier>
      <Extensions>cpp;c;cxx;rc;def;r;odl;idl;hpj;bat</Extensions>
    </Filter>
    <Filter Include="Header Files">
      <UniqueIdentifier>{2ff958d1-08a8-4ab6-bcb7-5ca6300a5237}</UniqueIdentifier>
      <Extensions>h;hpp;hxx;hm;inl</Extensions>
    </Filter>
    <Filter Include="Resource Files">
      <UniqueIdentifier>{7b5cf059-c229-42fd-9bba-da4fa34803ff}</UniqueIdentifier>
      <Extensions>ico;cur;bmp;dlg;rc2;rct;bin;rgs;gif;jpg;jpeg;jpe</Extensions>
    </Filter>
  </ItemGroup>
  <ItemGroup>
    <ClCompile Include="breakpoint.c">
      <Filter>Source Files</Filter>
    </ClCompile>
    <ClCompile Include="dma.c">
      <Filter>Source Files</Filter>
    </ClCompile>
    <ClCompile Include="main.c">
      <Filter>Source Files</Filter>
    </ClCompile>
    <ClCompile Include="memory.c">
      <Filter>Source Files</Filter>
    </ClCompile>
    <ClCompile Include="RSP_Command.c">
      <Filter>Source Files</Filter>
    </ClCompile>
    <ClCompile Include="RSP_CPU.c">
      <Filter>Source Files</Filter>
    </ClCompile>
    <ClCompile Include="RSP_opcodes.c">
      <Filter>Source Files</Filter>
    </ClCompile>
    <ClCompile Include="RSP_Register.c">
      <Filter>Source Files</Filter>
    </ClCompile>
  </ItemGroup>
  <ItemGroup>
    <ClInclude Include="breakpoint.h">
      <Filter>Header Files</Filter>
    </ClInclude>
    <ClInclude Include="dma.h">
      <Filter>Header Files</Filter>
    </ClInclude>
    <ClInclude Include="memory.h">
      <Filter>Header Files</Filter>
    </ClInclude>
    <ClInclude Include="OpCode.h">
      <Filter>Header Files</Filter>
    </ClInclude>
    <ClInclude Include="resource.h">
      <Filter>Header Files</Filter>
    </ClInclude>
    <ClInclude Include="rsp.h">
      <Filter>Header Files</Filter>
    </ClInclude>
    <ClInclude Include="RSP_Command.h">
      <Filter>Header Files</Filter>
    </ClInclude>
    <ClInclude Include="RSP_CPU.h">
      <Filter>Header Files</Filter>
    </ClInclude>
    <ClInclude Include="rsp_opcodes.h">
      <Filter>Header Files</Filter>
    </ClInclude>
    <ClInclude Include="RSP_Registers.h">
      <Filter>Header Files</Filter>
    </ClInclude>
    <ClInclude Include="Types.h">
      <Filter>Header Files</Filter>
    </ClInclude>
  </ItemGroup>
  <ItemGroup>
    <ResourceCompile Include="RSP.rc">
      <Filter>Resource Files</Filter>
    </ResourceCompile>
  </ItemGroup>
</Project>