<?xml version="1.0" encoding="utf-8"?>
<Project ToolsVersion="4.0" xmlns="http://schemas.microsoft.com/developer/msbuild/2003">
  <ItemGroup>
    <Filter Include="Source Files">
      <UniqueIdentifier>{62f3008a-169e-4bd5-8e9a-485686b0a5cd}</UniqueIdentifier>
      <Extensions>cpp;c;cxx;rc;def;r;odl;idl;hpj;bat</Extensions>
    </Filter>
    <Filter Include="Source Files\Debugger Source">
      <UniqueIdentifier>{9c8d56b0-585a-437a-aaea-1c844a7a6d33}</UniqueIdentifier>
    </Filter>
    <Filter Include="Source Files\General Source">
      <UniqueIdentifier>{1a2e20f6-f710-4da3-b93c-999647e99ec5}</UniqueIdentifier>
    </Filter>
    <Filter Include="Source Files\Zlib Source">
      <UniqueIdentifier>{9d10ce53-d57c-4e0b-b093-3cf689e50069}</UniqueIdentifier>
    </Filter>
    <Filter Include="Source Files\CPU Source">
      <UniqueIdentifier>{c9a6ac81-5520-4af5-921d-591e4501eb0d}</UniqueIdentifier>
    </Filter>
    <Filter Include="Source Files\CPU Source\Save Chips">
      <UniqueIdentifier>{92e4016e-8c8e-486c-872d-0a0f1db213bc}</UniqueIdentifier>
    </Filter>
    <Filter Include="Source Files\Plugin Source">
      <UniqueIdentifier>{7fd20681-cba6-43e0-814c-f6440472d9dd}</UniqueIdentifier>
    </Filter>
    <Filter Include="Source Files\X86 Opcodes Source">
      <UniqueIdentifier>{8d0846f7-2da5-4a09-9f37-38190ffc7516}</UniqueIdentifier>
    </Filter>
    <Filter Include="Header Files">
      <UniqueIdentifier>{774107c8-3473-4c73-9355-f967479b7556}</UniqueIdentifier>
      <Extensions>h;hpp;hxx;hm;inl</Extensions>
    </Filter>
    <Filter Include="Header Files\Debugger Headers">
      <UniqueIdentifier>{c5b7569e-1a8c-4193-86ef-71695cd71164}</UniqueIdentifier>
    </Filter>
    <Filter Include="Header Files\General Header">
      <UniqueIdentifier>{332abe4e-3efb-4abf-8713-afe2a62caad2}</UniqueIdentifier>
    </Filter>
    <Filter Include="Header Files\CPU Header">
      <UniqueIdentifier>{78ee77f8-e17c-4ee0-96e9-d4869fd6b0fa}</UniqueIdentifier>
    </Filter>
    <Filter Include="Header Files\CPU Header\Save Chips headers">
      <UniqueIdentifier>{4ee57271-8b3e-4c39-882f-28587d8dc6c7}</UniqueIdentifier>
    </Filter>
    <Filter Include="Header Files\Zlib Header">
      <UniqueIdentifier>{994ca91a-3e6f-46d4-8fb1-084cf7efa00b}</UniqueIdentifier>
    </Filter>
    <Filter Include="Header Files\Plugin Header">
      <UniqueIdentifier>{fa9eb4d4-1f63-40b6-b3d2-0ba2220a6263}</UniqueIdentifier>
    </Filter>
    <Filter Include="Header Files\X86 Opcodes Headers">
      <UniqueIdentifier>{f2e6328d-395d-49e2-9a67-256507850775}</UniqueIdentifier>
    </Filter>
    <Filter Include="Resource Files">
      <UniqueIdentifier>{e6a57faa-6dc0-409f-b163-ce99db78d3a7}</UniqueIdentifier>
      <Extensions>ico;cur;bmp;dlg;rc2;rct;bin;rgs;gif;jpg;jpeg;jpe</Extensions>
    </Filter>
  </ItemGroup>
  <ItemGroup>
    <ClCompile Include="BreakPoints.c">
      <Filter>Source Files\Debugger Source</Filter>
    </ClCompile>
    <ClCompile Include="CPU Log.c">
      <Filter>Source Files\Debugger Source</Filter>
    </ClCompile>
    <ClCompile Include="Logging.c">
      <Filter>Source Files\Debugger Source</Filter>
    </ClCompile>
    <ClCompile Include="mapping.c">
      <Filter>Source Files\Debugger Source</Filter>
    </ClCompile>
    <ClCompile Include="r4300i Commands.c">
      <Filter>Source Files\Debugger Source</Filter>
    </ClCompile>
    <ClCompile Include="r4300i Memory.c">
      <Filter>Source Files\Debugger Source</Filter>
    </ClCompile>
    <ClCompile Include="r4300i Registers.c">
      <Filter>Source Files\Debugger Source</Filter>
    </ClCompile>
    <ClCompile Include="TLB Display.c">
      <Filter>Source Files\Debugger Source</Filter>
    </ClCompile>
    <ClCompile Include="Cheat.c">
      <Filter>Source Files\General Source</Filter>
    </ClCompile>
    <ClCompile Include="Main.c">
      <Filter>Source Files\General Source</Filter>
    </ClCompile>
    <ClCompile Include="Profiling.c">
      <Filter>Source Files\General Source</Filter>
    </ClCompile>
    <ClCompile Include="RomBrowser.c">
      <Filter>Source Files\General Source</Filter>
    </ClCompile>
    <ClCompile Include="Settings Api.c">
      <Filter>Source Files\General Source</Filter>
    </ClCompile>
    <ClCompile Include="Settings.c">
      <Filter>Source Files\General Source</Filter>
    </ClCompile>
    <ClCompile Include="Win32Timer.c">
      <Filter>Source Files\General Source</Filter>
    </ClCompile>
    <ClCompile Include="unzip.c">
      <Filter>Source Files\Zlib Source</Filter>
    </ClCompile>
    <ClCompile Include="zip.c">
      <Filter>Source Files\Zlib Source</Filter>
    </ClCompile>
    <ClCompile Include="CPU.c">
      <Filter>Source Files\CPU Source</Filter>
    </ClCompile>
    <ClCompile Include="DMA.c">
      <Filter>Source Files\CPU Source</Filter>
    </ClCompile>
    <ClCompile Include="Exception.c">
      <Filter>Source Files\CPU Source</Filter>
    </ClCompile>
    <ClCompile Include="Interpreter CPU.c">
      <Filter>Source Files\CPU Source</Filter>
    </ClCompile>
    <ClCompile Include="Interpreter Ops.c">
      <Filter>Source Files\CPU Source</Filter>
    </ClCompile>
    <ClCompile Include="Memory.c">
      <Filter>Source Files\CPU Source</Filter>
    </ClCompile>
    <ClCompile Include="pif.c">
      <Filter>Source Files\CPU Source</Filter>
    </ClCompile>
    <ClCompile Include="Recompiler CPU.c">
      <Filter>Source Files\CPU Source</Filter>
    </ClCompile>
    <ClCompile Include="Recompiler Fpu Ops.c">
      <Filter>Source Files\CPU Source</Filter>
    </ClCompile>
    <ClCompile Include="Recompiler Ops.c">
      <Filter>Source Files\CPU Source</Filter>
    </ClCompile>
    <ClCompile Include="Registers.c">
      <Filter>Source Files\CPU Source</Filter>
    </ClCompile>
    <ClCompile Include="rom.c">
      <Filter>Source Files\CPU Source</Filter>
    </ClCompile>
    <ClCompile Include="Sync CPU.c">
      <Filter>Source Files\CPU Source</Filter>
    </ClCompile>
    <ClCompile Include="TLB.c">
      <Filter>Source Files\CPU Source</Filter>
    </ClCompile>
    <ClCompile Include="Eeprom.c">
      <Filter>Source Files\CPU Source\Save Chips</Filter>
    </ClCompile>
    <ClCompile Include="FlashRam.c">
      <Filter>Source Files\CPU Source\Save Chips</Filter>
    </ClCompile>
    <ClCompile Include="Mempak.c">
      <Filter>Source Files\CPU Source\Save Chips</Filter>
    </ClCompile>
    <ClCompile Include="Sram.c">
      <Filter>Source Files\CPU Source\Save Chips</Filter>
    </ClCompile>
    <ClCompile Include="Plugin.c">
      <Filter>Source Files\Plugin Source</Filter>
    </ClCompile>
    <ClCompile Include="x86 fpu.c">
      <Filter>Source Files\X86 Opcodes Source</Filter>
    </ClCompile>
    <ClCompile Include="X86.c">
      <Filter>Source Files\X86 Opcodes Source</Filter>
    </ClCompile>
  </ItemGroup>
  <ItemGroup>
    <ClInclude Include="BreakPoints.h">
      <Filter>Header Files\Debugger Headers</Filter>
    </ClInclude>
    <ClInclude Include="CPU Log.h">
      <Filter>Header Files\Debugger Headers</Filter>
    </ClInclude>
    <ClInclude Include="Debugger.h">
      <Filter>Header Files\Debugger Headers</Filter>
    </ClInclude>
    <ClInclude Include="Logging.h">
      <Filter>Header Files\Debugger Headers</Filter>
    </ClInclude>
    <ClInclude Include="Mapping.h">
      <Filter>Header Files\Debugger Headers</Filter>
    </ClInclude>
    <ClInclude Include="r4300i Commands.h">
      <Filter>Header Files\Debugger Headers</Filter>
    </ClInclude>
    <ClInclude Include="r4300i Memory.h">
      <Filter>Header Files\Debugger Headers</Filter>
    </ClInclude>
    <ClInclude Include="r4300i Registers.h">
      <Filter>Header Files\Debugger Headers</Filter>
    </ClInclude>
    <ClInclude Include="tlb Display.h">
      <Filter>Header Files\Debugger Headers</Filter>
    </ClInclude>
    <ClInclude Include="Cheats.h">
      <Filter>Header Files\General Header</Filter>
    </ClInclude>
    <ClInclude Include="main.h">
      <Filter>Header Files\General Header</Filter>
    </ClInclude>
    <ClInclude Include="Profiling.h">
      <Filter>Header Files\General Header</Filter>
    </ClInclude>
    <ClInclude Include="resource.h">
      <Filter>Header Files\General Header</Filter>
    </ClInclude>
    <ClInclude Include="RomBrowser.h">
      <Filter>Header Files\General Header</Filter>
    </ClInclude>
    <ClInclude Include="Settings Api.h">
      <Filter>Header Files\General Header</Filter>
    </ClInclude>
    <ClInclude Include="Settings.h">
      <Filter>Header Files\General Header</Filter>
    </ClInclude>
    <ClInclude Include="Types.h">
      <Filter>Header Files\General Header</Filter>
    </ClInclude>
    <ClInclude Include="Win32Timer.h">
      <Filter>Header Files\General Header</Filter>
    </ClInclude>
    <ClInclude Include="CPU.h">
      <Filter>Header Files\CPU Header</Filter>
    </ClInclude>
    <ClInclude Include="DMA.h">
      <Filter>Header Files\CPU Header</Filter>
    </ClInclude>
    <ClInclude Include="Exception.h">
      <Filter>Header Files\CPU Header</Filter>
    </ClInclude>
    <ClInclude Include="Interpreter CPU.h">
      <Filter>Header Files\CPU Header</Filter>
    </ClInclude>
    <ClInclude Include="Interpreter Ops.h">
      <Filter>Header Files\CPU Header</Filter>
    </ClInclude>
    <ClInclude Include="Memory.h">
      <Filter>Header Files\CPU Header</Filter>
    </ClInclude>
    <ClInclude Include="OpCode.h">
      <Filter>Header Files\CPU Header</Filter>
    </ClInclude>
    <ClInclude Include="pif.h">
      <Filter>Header Files\CPU Header</Filter>
    </ClInclude>
    <ClInclude Include="Recompiler CPU.h">
      <Filter>Header Files\CPU Header</Filter>
    </ClInclude>
    <ClInclude Include="Recompiler Ops.h">
      <Filter>Header Files\CPU Header</Filter>
    </ClInclude>
    <ClInclude Include="Registers.h">
      <Filter>Header Files\CPU Header</Filter>
    </ClInclude>
    <ClInclude Include="Rom.h">
      <Filter>Header Files\CPU Header</Filter>
    </ClInclude>
    <ClInclude Include="Sync CPU.h">
      <Filter>Header Files\CPU Header</Filter>
    </ClInclude>
    <ClInclude Include="tlb.h">
      <Filter>Header Files\CPU Header</Filter>
    </ClInclude>
    <ClInclude Include="Eeprom.h">
      <Filter>Header Files\CPU Header\Save Chips headers</Filter>
    </ClInclude>
    <ClInclude Include="Flashram.h">
      <Filter>Header Files\CPU Header\Save Chips headers</Filter>
    </ClInclude>
    <ClInclude Include="mempak.h">
      <Filter>Header Files\CPU Header\Save Chips headers</Filter>
    </ClInclude>
    <ClInclude Include="Sram.h">
      <Filter>Header Files\CPU Header\Save Chips headers</Filter>
    </ClInclude>
    <ClInclude Include="unzip.h">
      <Filter>Header Files\Zlib Header</Filter>
    </ClInclude>
    <ClInclude Include="zconf.h">
      <Filter>Header Files\Zlib Header</Filter>
    </ClInclude>
    <ClInclude Include="zip.h">
      <Filter>Header Files\Zlib Header</Filter>
    </ClInclude>
    <ClInclude Include="zlib.h">
      <Filter>Header Files\Zlib Header</Filter>
    </ClInclude>
    <ClInclude Include="Plugin.h">
      <Filter>Header Files\Plugin Header</Filter>
    </ClInclude>
    <ClInclude Include="X86.h">
      <Filter>Header Files\X86 Opcodes Headers</Filter>
    </ClInclude>
  </ItemGroup>
  <ItemGroup>
    <Image Include="pj64.BMP">
      <Filter>Resource Files</Filter>
    </Image>
    <Image Include="pj64.ico">
      <Filter>Resource Files</Filter>
    </Image>
  </ItemGroup>
  <ItemGroup>
    <ResourceCompile Include="PJ64.rc">
      <Filter>Resource Files</Filter>
    </ResourceCompile>
  </ItemGroup>
</Project>